
Microsoft Visual Studio Solution File, Format Version 12.00
Project("{FAE04EC0-301F-11D3-BF4B-00C04F79EFBC}") = "fim-queueing-admin", "fim-queueing-admin.csproj", "{CE965D59-97AA-400F-9B91-E065F72C0509}"
EndProject
Global
	GlobalSection(SolutionConfigurationPlatforms) = preSolution
		Debug|Any CPU = Debug|Any CPU
		Release|Any CPU = Release|Any CPU
	EndGlobalSection
	GlobalSection(ProjectConfigurationPlatforms) = postSolution
		{CE965D59-97AA-400F-9B91-E065F72C0509}.Debug|Any CPU.ActiveCfg = Debug|Any CPU
		{CE965D59-97AA-400F-9B91-E065F72C0509}.Debug|Any CPU.Build.0 = Debug|Any CPU
		{CE965D59-97AA-400F-9B91-E065F72C0509}.Release|Any CPU.ActiveCfg = Release|Any CPU
		{CE965D59-97AA-400F-9B91-E065F72C0509}.Release|Any CPU.Build.0 = Release|Any CPU
	EndGlobalSection
EndGlobal
